// !$*UTF8*$!
{
	archiveVersion = 1;
	classes = {
	};
	objectVersion = 55;
	objects = {

/* Begin PBXBuildFile section */
		D344FA4A29DD8DE600A96657 /* ViewController2.swift in Sources */ = {isa = PBXBuildFile; fileRef = D344FA4929DD8DE600A96657 /* ViewController2.swift */; };
		D344FA4C29DD8EF800A96657 /* myTableViewCell.swift in Sources */ = {isa = PBXBuildFile; fileRef = D344FA4B29DD8EF800A96657 /* myTableViewCell.swift */; };
		D351F09629DC81F900FC1815 /* AppDelegate.swift in Sources */ = {isa = PBXBuildFile; fileRef = D351F09529DC81F900FC1815 /* AppDelegate.swift */; };
		D351F09829DC81F900FC1815 /* SceneDelegate.swift in Sources */ = {isa = PBXBuildFile; fileRef = D351F09729DC81F900FC1815 /* SceneDelegate.swift */; };
		D351F09A29DC81F900FC1815 /* ViewController.swift in Sources */ = {isa = PBXBuildFile; fileRef = D351F09929DC81F900FC1815 /* ViewController.swift */; };
		D351F09D29DC81F900FC1815 /* Main.storyboard in Resources */ = {isa = PBXBuildFile; fileRef = D351F09B29DC81F900FC1815 /* Main.storyboard */; };
		D351F0A029DC81F900FC1815 /* fmdbDatabase.xcdatamodeld in Sources */ = {isa = PBXBuildFile; fileRef = D351F09E29DC81F900FC1815 /* fmdbDatabase.xcdatamodeld */; };
		D351F0A229DC81FA00FC1815 /* Assets.xcassets in Resources */ = {isa = PBXBuildFile; fileRef = D351F0A129DC81FA00FC1815 /* Assets.xcassets */; };
		D351F0A529DC81FA00FC1815 /* LaunchScreen.storyboard in Resources */ = {isa = PBXBuildFile; fileRef = D351F0A329DC81FA00FC1815 /* LaunchScreen.storyboard */; };
		D351F0AD29DC822D00FC1815 /* FMDB.swift in Sources */ = {isa = PBXBuildFile; fileRef = D351F0AC29DC822D00FC1815 /* FMDB.swift */; };
		D351F0BA29DC82A000FC1815 /* FMDatabasePool.m in Sources */ = {isa = PBXBuildFile; fileRef = D351F0B029DC829F00FC1815 /* FMDatabasePool.m */; };
		D351F0BB29DC82A000FC1815 /* FMDatabaseQueue.m in Sources */ = {isa = PBXBuildFile; fileRef = D351F0B129DC829F00FC1815 /* FMDatabaseQueue.m */; };
		D351F0BC29DC82A000FC1815 /* FMResultSet.m in Sources */ = {isa = PBXBuildFile; fileRef = D351F0B429DC829F00FC1815 /* FMResultSet.m */; };
		D351F0BD29DC82A000FC1815 /* FMDatabaseAdditions.m in Sources */ = {isa = PBXBuildFile; fileRef = D351F0B529DC829F00FC1815 /* FMDatabaseAdditions.m */; };
		D351F0BE29DC82A000FC1815 /* FMDatabase.m in Sources */ = {isa = PBXBuildFile; fileRef = D351F0B629DC82A000FC1815 /* FMDatabase.m */; };
/* End PBXBuildFile section */

/* Begin PBXFileReference section */
		D344FA4929DD8DE600A96657 /* ViewController2.swift */ = {isa = PBXFileReference; lastKnownFileType = sourcecode.swift; path = ViewController2.swift; sourceTree = "<group>"; };
		D344FA4B29DD8EF800A96657 /* myTableViewCell.swift */ = {isa = PBXFileReference; lastKnownFileType = sourcecode.swift; path = myTableViewCell.swift; sourceTree = "<group>"; };
		D351F09229DC81F900FC1815 /* fmdbDatabase.app */ = {isa = PBXFileReference; explicitFileType = wrapper.application; includeInIndex = 0; path = fmdbDatabase.app; sourceTree = BUILT_PRODUCTS_DIR; };
		D351F09529DC81F900FC1815 /* AppDelegate.swift */ = {isa = PBXFileReference; lastKnownFileType = sourcecode.swift; path = AppDelegate.swift; sourceTree = "<group>"; };
		D351F09729DC81F900FC1815 /* SceneDelegate.swift */ = {isa = PBXFileReference; lastKnownFileType = sourcecode.swift; path = SceneDelegate.swift; sourceTree = "<group>"; };
		D351F09929DC81F900FC1815 /* ViewController.swift */ = {isa = PBXFileReference; lastKnownFileType = sourcecode.swift; path = ViewController.swift; sourceTree = "<group>"; };
		D351F09C29DC81F900FC1815 /* Base */ = {isa = PBXFileReference; lastKnownFileType = file.storyboard; name = Base; path = Base.lproj/Main.storyboard; sourceTree = "<group>"; };
		D351F09F29DC81F900FC1815 /* fmdbDatabase.xcdatamodel */ = {isa = PBXFileReference; lastKnownFileType = wrapper.xcdatamodel; path = fmdbDatabase.xcdatamodel; sourceTree = "<group>"; };
		D351F0A129DC81FA00FC1815 /* Assets.xcassets */ = {isa = PBXFileReference; lastKnownFileType = folder.assetcatalog; path = Assets.xcassets; sourceTree = "<group>"; };
		D351F0A429DC81FA00FC1815 /* Base */ = {isa = PBXFileReference; lastKnownFileType = file.storyboard; name = Base; path = Base.lproj/LaunchScreen.storyboard; sourceTree = "<group>"; };
		D351F0A629DC81FA00FC1815 /* Info.plist */ = {isa = PBXFileReference; lastKnownFileType = text.plist.xml; path = Info.plist; sourceTree = "<group>"; };
		D351F0AC29DC822D00FC1815 /* FMDB.swift */ = {isa = PBXFileReference; lastKnownFileType = sourcecode.swift; path = FMDB.swift; sourceTree = "<group>"; };
		D351F0AE29DC829E00FC1815 /* fmdbDatabase-Bridging-Header.h */ = {isa = PBXFileReference; lastKnownFileType = sourcecode.c.h; path = "fmdbDatabase-Bridging-Header.h"; sourceTree = "<group>"; };
		D351F0AF29DC829F00FC1815 /* FMDatabasePool.h */ = {isa = PBXFileReference; fileEncoding = 4; lastKnownFileType = sourcecode.c.h; path = FMDatabasePool.h; sourceTree = "<group>"; };
		D351F0B029DC829F00FC1815 /* FMDatabasePool.m */ = {isa = PBXFileReference; fileEncoding = 4; lastKnownFileType = sourcecode.c.objc; path = FMDatabasePool.m; sourceTree = "<group>"; };
		D351F0B129DC829F00FC1815 /* FMDatabaseQueue.m */ = {isa = PBXFileReference; fileEncoding = 4; lastKnownFileType = sourcecode.c.objc; path = FMDatabaseQueue.m; sourceTree = "<group>"; };
		D351F0B229DC829F00FC1815 /* FMDB.h */ = {isa = PBXFileReference; fileEncoding = 4; lastKnownFileType = sourcecode.c.h; path = FMDB.h; sourceTree = "<group>"; };
		D351F0B329DC829F00FC1815 /* FMResultSet.h */ = {isa = PBXFileReference; fileEncoding = 4; lastKnownFileType = sourcecode.c.h; path = FMResultSet.h; sourceTree = "<group>"; };
		D351F0B429DC829F00FC1815 /* FMResultSet.m */ = {isa = PBXFileReference; fileEncoding = 4; lastKnownFileType = sourcecode.c.objc; path = FMResultSet.m; sourceTree = "<group>"; };
		D351F0B529DC829F00FC1815 /* FMDatabaseAdditions.m */ = {isa = PBXFileReference; fileEncoding = 4; lastKnownFileType = sourcecode.c.objc; path = FMDatabaseAdditions.m; sourceTree = "<group>"; };
		D351F0B629DC82A000FC1815 /* FMDatabase.m */ = {isa = PBXFileReference; fileEncoding = 4; lastKnownFileType = sourcecode.c.objc; path = FMDatabase.m; sourceTree = "<group>"; };
		D351F0B729DC82A000FC1815 /* FMDatabaseQueue.h */ = {isa = PBXFileReference; fileEncoding = 4; lastKnownFileType = sourcecode.c.h; path = FMDatabaseQueue.h; sourceTree = "<group>"; };
		D351F0B829DC82A000FC1815 /* FMDatabaseAdditions.h */ = {isa = PBXFileReference; fileEncoding = 4; lastKnownFileType = sourcecode.c.h; path = FMDatabaseAdditions.h; sourceTree = "<group>"; };
		D351F0B929DC82A000FC1815 /* FMDatabase.h */ = {isa = PBXFileReference; fileEncoding = 4; lastKnownFileType = sourcecode.c.h; path = FMDatabase.h; sourceTree = "<group>"; };
/* End PBXFileReference section */

/* Begin PBXFrameworksBuildPhase section */
		D351F08F29DC81F900FC1815 /* Frameworks */ = {
			isa = PBXFrameworksBuildPhase;
			buildActionMask = 2147483647;
			files = (
			);
			runOnlyForDeploymentPostprocessing = 0;
		};
/* End PBXFrameworksBuildPhase section */

/* Begin PBXGroup section */
		D351F08929DC81F900FC1815 = {
			isa = PBXGroup;
			children = (
				D351F09429DC81F900FC1815 /* fmdbDatabase */,
				D351F09329DC81F900FC1815 /* Products */,
			);
			sourceTree = "<group>";
		};
		D351F09329DC81F900FC1815 /* Products */ = {
			isa = PBXGroup;
			children = (
				D351F09229DC81F900FC1815 /* fmdbDatabase.app */,
			);
			name = Products;
			sourceTree = "<group>";
		};
		D351F09429DC81F900FC1815 /* fmdbDatabase */ = {
			isa = PBXGroup;
			children = (
				D351F09529DC81F900FC1815 /* AppDelegate.swift */,
				D351F09729DC81F900FC1815 /* SceneDelegate.swift */,
				D351F09929DC81F900FC1815 /* ViewController.swift */,
				D351F09B29DC81F900FC1815 /* Main.storyboard */,
				D344FA4B29DD8EF800A96657 /* myTableViewCell.swift */,
				D344FA4929DD8DE600A96657 /* ViewController2.swift */,
				D351F0B929DC82A000FC1815 /* FMDatabase.h */,
				D351F0B629DC82A000FC1815 /* FMDatabase.m */,
				D351F0B829DC82A000FC1815 /* FMDatabaseAdditions.h */,
				D351F0B529DC829F00FC1815 /* FMDatabaseAdditions.m */,
				D351F0AF29DC829F00FC1815 /* FMDatabasePool.h */,
				D351F0B029DC829F00FC1815 /* FMDatabasePool.m */,
				D351F0B729DC82A000FC1815 /* FMDatabaseQueue.h */,
				D351F0B129DC829F00FC1815 /* FMDatabaseQueue.m */,
				D351F0B229DC829F00FC1815 /* FMDB.h */,
				D351F0B329DC829F00FC1815 /* FMResultSet.h */,
				D351F0B429DC829F00FC1815 /* FMResultSet.m */,
				D351F0AC29DC822D00FC1815 /* FMDB.swift */,
				D351F0A129DC81FA00FC1815 /* Assets.xcassets */,
				D351F0A329DC81FA00FC1815 /* LaunchScreen.storyboard */,
				D351F0A629DC81FA00FC1815 /* Info.plist */,
				D351F09E29DC81F900FC1815 /* fmdbDatabase.xcdatamodeld */,
				D351F0AE29DC829E00FC1815 /* fmdbDatabase-Bridging-Header.h */,
			);
			path = fmdbDatabase;
			sourceTree = "<group>";
		};
/* End PBXGroup section */

/* Begin PBXNativeTarget section */
		D351F09129DC81F900FC1815 /* fmdbDatabase */ = {
			isa = PBXNativeTarget;
			buildConfigurationList = D351F0A929DC81FA00FC1815 /* Build configuration list for PBXNativeTarget "fmdbDatabase" */;
			buildPhases = (
				D351F08E29DC81F900FC1815 /* Sources */,
				D351F08F29DC81F900FC1815 /* Frameworks */,
				D351F09029DC81F900FC1815 /* Resources */,
			);
			buildRules = (
			);
			dependencies = (
			);
			name = fmdbDatabase;
			productName = fmdbDatabase;
			productReference = D351F09229DC81F900FC1815 /* fmdbDatabase.app */;
			productType = "com.apple.product-type.application";
		};
/* End PBXNativeTarget section */

/* Begin PBXProject section */
		D351F08A29DC81F900FC1815 /* Project object */ = {
			isa = PBXProject;
			attributes = {
				BuildIndependentTargetsInParallel = 1;
				LastSwiftUpdateCheck = 1300;
				LastUpgradeCheck = 1300;
				TargetAttributes = {
					D351F09129DC81F900FC1815 = {
						CreatedOnToolsVersion = 13.0;
						LastSwiftMigration = 1300;
					};
				};
			};
			buildConfigurationList = D351F08D29DC81F900FC1815 /* Build configuration list for PBXProject "fmdbDatabase" */;
			compatibilityVersion = "Xcode 13.0";
			developmentRegion = en;
			hasScannedForEncodings = 0;
			knownRegions = (
				en,
				Base,
			);
			mainGroup = D351F08929DC81F900FC1815;
			productRefGroup = D351F09329DC81F900FC1815 /* Products */;
			projectDirPath = "";
			projectRoot = "";
			targets = (
				D351F09129DC81F900FC1815 /* fmdbDatabase */,
			);
		};
/* End PBXProject section */

/* Begin PBXResourcesBuildPhase section */
		D351F09029DC81F900FC1815 /* Resources */ = {
			isa = PBXResourcesBuildPhase;
			buildActionMask = 2147483647;
			files = (
				D351F0A529DC81FA00FC1815 /* LaunchScreen.storyboard in Resources */,
				D351F0A229DC81FA00FC1815 /* Assets.xcassets in Resources */,
				D351F09D29DC81F900FC1815 /* Main.storyboard in Resources */,
			);
			runOnlyForDeploymentPostprocessing = 0;
		};
/* End PBXResourcesBuildPhase section */

/* Begin PBXSourcesBuildPhase section */
		D351F08E29DC81F900FC1815 /* Sources */ = {
			isa = PBXSourcesBuildPhase;
			buildActionMask = 2147483647;
			files = (
				D351F09A29DC81F900FC1815 /* ViewController.swift in Sources */,
				D351F0BA29DC82A000FC1815 /* FMDatabasePool.m in Sources */,
				D351F0AD29DC822D00FC1815 /* FMDB.swift in Sources */,
				D351F0BE29DC82A000FC1815 /* FMDatabase.m in Sources */,
				D344FA4A29DD8DE600A96657 /* ViewController2.swift in Sources */,
				D344FA4C29DD8EF800A96657 /* myTableViewCell.swift in Sources */,
				D351F0BB29DC82A000FC1815 /* FMDatabaseQueue.m in Sources */,
				D351F09629DC81F900FC1815 /* AppDelegate.swift in Sources */,
				D351F0BD29DC82A000FC1815 /* FMDatabaseAdditions.m in Sources */,
				D351F09829DC81F900FC1815 /* SceneDelegate.swift in Sources */,
				D351F0BC29DC82A000FC1815 /* FMResultSet.m in Sources */,
				D351F0A029DC81F900FC1815 /* fmdbDatabase.xcdatamodeld in Sources */,
			);
			runOnlyForDeploymentPostprocessing = 0;
		};
/* End PBXSourcesBuildPhase section */

/* Begin PBXVariantGroup section */
		D351F09B29DC81F900FC1815 /* Main.storyboard */ = {
			isa = PBXVariantGroup;
			children = (
				D351F09C29DC81F900FC1815 /* Base */,
			);
			name = Main.storyboard;
			sourceTree = "<group>";
		};
		D351F0A329DC81FA00FC1815 /* LaunchScreen.storyboard */ = {
			isa = PBXVariantGroup;
			children = (
				D351F0A429DC81FA00FC1815 /* Base */,
			);
			name = LaunchScreen.storyboard;
			sourceTree = "<group>";
		};
/* End PBXVariantGroup section */

/* Begin XCBuildConfiguration section */
		D351F0A729DC81FA00FC1815 /* Debug */ = {
			isa = XCBuildConfiguration;
			buildSettings = {
				ALWAYS_SEARCH_USER_PATHS = NO;
				CLANG_ANALYZER_NONNULL = YES;
				CLANG_ANALYZER_NUMBER_OBJECT_CONVERSION = YES_AGGRESSIVE;
				CLANG_CXX_LANGUAGE_STANDARD = "gnu++17";
				CLANG_CXX_LIBRARY = "libc++";
				CLANG_ENABLE_MODULES = YES;
				CLANG_ENABLE_OBJC_ARC = YES;
				CLANG_ENABLE_OBJC_WEAK = YES;
				CLANG_WARN_BLOCK_CAPTURE_AUTORELEASING = YES;
				CLANG_WARN_BOOL_CONVERSION = YES;
				CLANG_WARN_COMMA = YES;
				CLANG_WARN_CONSTANT_CONVERSION = YES;
				CLANG_WARN_DEPRECATED_OBJC_IMPLEMENTATIONS = YES;
				CLANG_WARN_DIRECT_OBJC_ISA_USAGE = YES_ERROR;
				CLANG_WARN_DOCUMENTATION_COMMENTS = YES;
				CLANG_WARN_EMPTY_BODY = YES;
				CLANG_WARN_ENUM_CONVERSION = YES;
				CLANG_WARN_INFINITE_RECURSION = YES;
				CLANG_WARN_INT_CONVERSION = YES;
				CLANG_WARN_NON_LITERAL_NULL_CONVERSION = YES;
				CLANG_WARN_OBJC_IMPLICIT_RETAIN_SELF = YES;
				CLANG_WARN_OBJC_LITERAL_CONVERSION = YES;
				CLANG_WARN_OBJC_ROOT_CLASS = YES_ERROR;
				CLANG_WARN_QUOTED_INCLUDE_IN_FRAMEWORK_HEADER = YES;
				CLANG_WARN_RANGE_LOOP_ANALYSIS = YES;
				CLANG_WARN_STRICT_PROTOTYPES = YES;
				CLANG_WARN_SUSPICIOUS_MOVE = YES;
				CLANG_WARN_UNGUARDED_AVAILABILITY = YES_AGGRESSIVE;
				CLANG_WARN_UNREACHABLE_CODE = YES;
				CLANG_WARN__DUPLICATE_METHOD_MATCH = YES;
				COPY_PHASE_STRIP = NO;
				DEBUG_INFORMATION_FORMAT = dwarf;
				ENABLE_STRICT_OBJC_MSGSEND = YES;
				ENABLE_TESTABILITY = YES;
				GCC_C_LANGUAGE_STANDARD = gnu11;
				GCC_DYNAMIC_NO_PIC = NO;
				GCC_NO_COMMON_BLOCKS = YES;
				GCC_OPTIMIZATION_LEVEL = 0;
				GCC_PREPROCESSOR_DEFINITIONS = (
					"DEBUG=1",
					"$(inherited)",
				);
				GCC_WARN_64_TO_32_BIT_CONVERSION = YES;
				GCC_WARN_ABOUT_RETURN_TYPE = YES_ERROR;
				GCC_WARN_UNDECLARED_SELECTOR = YES;
				GCC_WARN_UNINITIALIZED_AUTOS = YES_AGGRESSIVE;
				GCC_WARN_UNUSED_FUNCTION = YES;
				GCC_WARN_UNUSED_VARIABLE = YES;
				IPHONEOS_DEPLOYMENT_TARGET = 15.0;
				MTL_ENABLE_DEBUG_INFO = INCLUDE_SOURCE;
				MTL_FAST_MATH = YES;
				ONLY_ACTIVE_ARCH = YES;
				SDKROOT = iphoneos;
				SWIFT_ACTIVE_COMPILATION_CONDITIONS = DEBUG;
				SWIFT_OPTIMIZATION_LEVEL = "-Onone";
			};
			name = Debug;
		};
		D351F0A829DC81FA00FC1815 /* Release */ = {
			isa = XCBuildConfiguration;
			buildSettings = {
				ALWAYS_SEARCH_USER_PATHS = NO;
				CLANG_ANALYZER_NONNULL = YES;
				CLANG_ANALYZER_NUMBER_OBJECT_CONVERSION = YES_AGGRESSIVE;
				CLANG_CXX_LANGUAGE_STANDARD = "gnu++17";
				CLANG_CXX_LIBRARY = "libc++";
				CLANG_ENABLE_MODULES = YES;
				CLANG_ENABLE_OBJC_ARC = YES;
				CLANG_ENABLE_OBJC_WEAK = YES;
				CLANG_WARN_BLOCK_CAPTURE_AUTORELEASING = YES;
				CLANG_WARN_BOOL_CONVERSION = YES;
				CLANG_WARN_COMMA = YES;
				CLANG_WARN_CONSTANT_CONVERSION = YES;
				CLANG_WARN_DEPRECATED_OBJC_IMPLEMENTATIONS = YES;
				CLANG_WARN_DIRECT_OBJC_ISA_USAGE = YES_ERROR;
				CLANG_WARN_DOCUMENTATION_COMMENTS = YES;
				CLANG_WARN_EMPTY_BODY = YES;
				CLANG_WARN_ENUM_CONVERSION = YES;
				CLANG_WARN_INFINITE_RECURSION = YES;
				CLANG_WARN_INT_CONVERSION = YES;
				CLANG_WARN_NON_LITERAL_NULL_CONVERSION = YES;
				CLANG_WARN_OBJC_IMPLICIT_RETAIN_SELF = YES;
				CLANG_WARN_OBJC_LITERAL_CONVERSION = YES;
				CLANG_WARN_OBJC_ROOT_CLASS = YES_ERROR;
				CLANG_WARN_QUOTED_INCLUDE_IN_FRAMEWORK_HEADER = YES;
				CLANG_WARN_RANGE_LOOP_ANALYSIS = YES;
				CLANG_WARN_STRICT_PROTOTYPES = YES;
				CLANG_WARN_SUSPICIOUS_MOVE = YES;
				CLANG_WARN_UNGUARDED_AVAILABILITY = YES_AGGRESSIVE;
				CLANG_WARN_UNREACHABLE_CODE = YES;
				CLANG_WARN__DUPLICATE_METHOD_MATCH = YES;
				COPY_PHASE_STRIP = NO;
				DEBUG_INFORMATION_FORMAT = "dwarf-with-dsym";
				ENABLE_NS_ASSERTIONS = NO;
				ENABLE_STRICT_OBJC_MSGSEND = YES;
				GCC_C_LANGUAGE_STANDARD = gnu11;
				GCC_NO_COMMON_BLOCKS = YES;
				GCC_WARN_64_TO_32_BIT_CONVERSION = YES;
				GCC_WARN_ABOUT_RETURN_TYPE = YES_ERROR;
				GCC_WARN_UNDECLARED_SELECTOR = YES;
				GCC_WARN_UNINITIALIZED_AUTOS = YES_AGGRESSIVE;
				GCC_WARN_UNUSED_FUNCTION = YES;
				GCC_WARN_UNUSED_VARIABLE = YES;
				IPHONEOS_DEPLOYMENT_TARGET = 15.0;
				MTL_ENABLE_DEBUG_INFO = NO;
				MTL_FAST_MATH = YES;
				SDKROOT = iphoneos;
				SWIFT_COMPILATION_MODE = wholemodule;
				SWIFT_OPTIMIZATION_LEVEL = "-O";
				VALIDATE_PRODUCT = YES;
			};
			name = Release;
		};
		D351F0AA29DC81FA00FC1815 /* Debug */ = {
			isa = XCBuildConfiguration;
			buildSettings = {
				ASSETCATALOG_COMPILER_APPICON_NAME = AppIcon;
				ASSETCATALOG_COMPILER_GLOBAL_ACCENT_COLOR_NAME = AccentColor;
				CLANG_ENABLE_MODULES = YES;
				CODE_SIGN_STYLE = Automatic;
				CURRENT_PROJECT_VERSION = 1;
				GENERATE_INFOPLIST_FILE = YES;
				INFOPLIST_FILE = fmdbDatabase/Info.plist;
				INFOPLIST_KEY_UIApplicationSupportsIndirectInputEvents = YES;
				INFOPLIST_KEY_UILaunchStoryboardName = LaunchScreen;
				INFOPLIST_KEY_UIMainStoryboardFile = Main;
				INFOPLIST_KEY_UISupportedInterfaceOrientations_iPad = "UIInterfaceOrientationPortrait UIInterfaceOrientationPortraitUpsideDown UIInterfaceOrientationLandscapeLeft UIInterfaceOrientationLandscapeRight";
				INFOPLIST_KEY_UISupportedInterfaceOrientations_iPhone = "UIInterfaceOrientationPortrait UIInterfaceOrientationLandscapeLeft UIInterfaceOrientationLandscapeRight";
				LD_RUNPATH_SEARCH_PATHS = (
					"$(inherited)",
					"@executable_path/Frameworks",
				);
				MARKETING_VERSION = 1.0;
				PRODUCT_BUNDLE_IDENTIFIER = database.fmdbDatabase;
				PRODUCT_NAME = "$(TARGET_NAME)";
				SWIFT_EMIT_LOC_STRINGS = YES;
				SWIFT_OBJC_BRIDGING_HEADER = "fmdbDatabase/fmdbDatabase-Bridging-Header.h";
				SWIFT_OPTIMIZATION_LEVEL = "-Onone";
				SWIFT_VERSION = 5.0;
				TARGETED_DEVICE_FAMILY = "1,2";
			};
			name = Debug;
		};
		D351F0AB29DC81FA00FC1815 /* Release */ = {
			isa = XCBuildConfiguration;
			buildSettings = {
				ASSETCATALOG_COMPILER_APPICON_NAME = AppIcon;
				ASSETCATALOG_COMPILER_GLOBAL_ACCENT_COLOR_NAME = AccentColor;
				CLANG_ENABLE_MODULES = YES;
				CODE_SIGN_STYLE = Automatic;
				CURRENT_PROJECT_VERSION = 1;
				GENERATE_INFOPLIST_FILE = YES;
				INFOPLIST_FILE = fmdbDatabase/Info.plist;
				INFOPLIST_KEY_UIApplicationSupportsIndirectInputEvents = YES;
				INFOPLIST_KEY_UILaunchStoryboardName = LaunchScreen;
				INFOPLIST_KEY_UIMainStoryboardFile = Main;
				INFOPLIST_KEY_UISupportedInterfaceOrientations_iPad = "UIInterfaceOrientationPortrait UIInterfaceOrientationPortraitUpsideDown UIInterfaceOrientationLandscapeLeft UIInterfaceOrientationLandscapeRight";
				INFOPLIST_KEY_UISupportedInterfaceOrientations_iPhone = "UIInterfaceOrientationPortrait UIInterfaceOrientationLandscapeLeft UIInterfaceOrientationLandscapeRight";
				LD_RUNPATH_SEARCH_PATHS = (
					"$(inherited)",
					"@executable_path/Frameworks",
				);
				MARKETING_VERSION = 1.0;
				PRODUCT_BUNDLE_IDENTIFIER = database.fmdbDatabase;
				PRODUCT_NAME = "$(TARGET_NAME)";
				SWIFT_EMIT_LOC_STRINGS = YES;
				SWIFT_OBJC_BRIDGING_HEADER = "fmdbDatabase/fmdbDatabase-Bridging-Header.h";
				SWIFT_VERSION = 5.0;
				TARGETED_DEVICE_FAMILY = "1,2";
			};
			name = Release;
		};
/* End XCBuildConfiguration section */

/* Begin XCConfigurationList section */
		D351F08D29DC81F900FC1815 /* Build configuration list for PBXProject "fmdbDatabase" */ = {
			isa = XCConfigurationList;
			buildConfigurations = (
				D351F0A729DC81FA00FC1815 /* Debug */,
				D351F0A829DC81FA00FC1815 /* Release */,
			);
			defaultConfigurationIsVisible = 0;
			defaultConfigurationName = Release;
		};
		D351F0A929DC81FA00FC1815 /* Build configuration list for PBXNativeTarget "fmdbDatabase" */ = {
			isa = XCConfigurationList;
			buildConfigurations = (
				D351F0AA29DC81FA00FC1815 /* Debug */,
				D351F0AB29DC81FA00FC1815 /* Release */,
			);
			defaultConfigurationIsVisible = 0;
			defaultConfigurationName = Release;
		};
/* End XCConfigurationList section */

/* Begin XCVersionGroup section */
		D351F09E29DC81F900FC1815 /* fmdbDatabase.xcdatamodeld */ = {
			isa = XCVersionGroup;
			children = (
				D351F09F29DC81F900FC1815 /* fmdbDatabase.xcdatamodel */,
			);
			currentVersion = D351F09F29DC81F900FC1815 /* fmdbDatabase.xcdatamodel */;
			path = fmdbDatabase.xcdatamodeld;
			sourceTree = "<group>";
			versionGroupType = wrapper.xcdatamodel;
		};
/* End XCVersionGroup section */
	};
	rootObject = D351F08A29DC81F900FC1815 /* Project object */;
}
